Microsoft Visual Studio Solution File, Format Version 12.00
# Visual Studio Version 17
VisualStudioVersion = 17.5.2.0
MinimumVisualStudioVersion = 10.0.40219.1
Project("{2150E333-8FDC-42A3-9474-1A3956D46DE8}") = "Code", "Code", "{314C6247-30EA-3492-19B6-DF847E3B326F}"
EndProject
Project("{2150E333-8FDC-42A3-9474-1A3956D46DE8}") = "Editor", "Editor", "{28251423-8E50-9DF4-F913-DC1FAAA673F1}"
EndProject
Project("{2150E333-8FDC-42A3-9474-1A3956D46DE8}") = "UnitTests", "UnitTests", "{2F646680-91A4-F107-74F4-9BF3126A0F16}"
EndProject
Project("{FAE04EC0-301F-11D3-BF4B-00C04F79EFBC}") = "tailboxsandwind", "Code\tailboxsandwind.csproj", "{C55478E8-B880-9AC1-0AFC-2B33EEDF309D}"
EndProject
Project("{FAE04EC0-301F-11D3-BF4B-00C04F79EFBC}") = "tailboxsandwind.editor", "Editor\tailboxsandwind.editor.csproj", "{6FB9D464-68ED-ADC4-0100-82EE11A521A5}"
EndProject
Project("{FAE04EC0-301F-11D3-BF4B-00C04F79EFBC}") = "tailboxsandwind.unittest", "UnitTests\tailboxsandwind.unittest.csproj", "{84B3B811-917B-6AB8-4EE6-C56FA8471532}"
EndProject
Global
	GlobalSection(SolutionConfigurationPlatforms) = preSolution
		Debug|Any CPU = Debug|Any CPU
		Release|Any CPU = Release|Any CPU
	EndGlobalSection
	GlobalSection(ProjectConfigurationPlatforms) = postSolution
		{C55478E8-B880-9AC1-0AFC-2B33EEDF309D}.Debug|Any CPU.ActiveCfg = Debug|Any CPU
		{C55478E8-B880-9AC1-0AFC-2B33EEDF309D}.Debug|Any CPU.Build.0 = Debug|Any CPU
		{C55478E8-B880-9AC1-0AFC-2B33EEDF309D}.Release|Any CPU.ActiveCfg = Release|Any CPU
		{C55478E8-B880-9AC1-0AFC-2B33EEDF309D}.Release|Any CPU.Build.0 = Release|Any CPU
		{6FB9D464-68ED-ADC4-0100-82EE11A521A5}.Debug|Any CPU.ActiveCfg = Debug|Any CPU
		{6FB9D464-68ED-ADC4-0100-82EE11A521A5}.Debug|Any CPU.Build.0 = Debug|Any CPU
		{6FB9D464-68ED-ADC4-0100-82EE11A521A5}.Release|Any CPU.ActiveCfg = Release|Any CPU
		{6FB9D464-68ED-ADC4-0100-82EE11A521A5}.Release|Any CPU.Build.0 = Release|Any CPU
		{84B3B811-917B-6AB8-4EE6-C56FA8471532}.Debug|Any CPU.ActiveCfg = Debug|Any CPU
		{84B3B811-917B-6AB8-4EE6-C56FA8471532}.Debug|Any CPU.Build.0 = Debug|Any CPU
		{84B3B811-917B-6AB8-4EE6-C56FA8471532}.Release|Any CPU.ActiveCfg = Release|Any CPU
		{84B3B811-917B-6AB8-4EE6-C56FA8471532}.Release|Any CPU.Build.0 = Release|Any CPU
	EndGlobalSection
	GlobalSection(SolutionProperties) = preSolution
		HideSolutionNode = FALSE
	EndGlobalSection
	GlobalSection(NestedProjects) = preSolution
		{C55478E8-B880-9AC1-0AFC-2B33EEDF309D} = {314C6247-30EA-3492-19B6-DF847E3B326F}
		{6FB9D464-68ED-ADC4-0100-82EE11A521A5} = {28251423-8E50-9DF4-F913-DC1FAAA673F1}
		{84B3B811-917B-6AB8-4EE6-C56FA8471532} = {2F646680-91A4-F107-74F4-9BF3126A0F16}
	EndGlobalSection
	GlobalSection(ExtensibilityGlobals) = postSolution
		SolutionGuid = {1FF6439F-2F50-409C-9000-F95DF7E3137C}
	EndGlobalSection
EndGlobal
